
Microsoft Visual Studio Solution File, Format Version 12.00
# Visual Studio 15
VisualStudioVersion = 15.0.26124.0
MinimumVisualStudioVersion = 15.0.26124.0
Project("{9A19103F-16F7-4668-BE54-9A1E7A4F7556}") = "PrintToConsole", "PrintToConsole\PrintToConsole.csproj", "{BA5DC26D-CECD-438F-8EEB-13666140B48A}"
EndProject
Project("{9A19103F-16F7-4668-BE54-9A1E7A4F7556}") = "LibraryProgramA", "LibraryProgramA\LibraryProgramA.csproj", "{DC5F272D-65AA-4242-A906-DDACD2943ACD}"
EndProject
Project("{9A19103F-16F7-4668-BE54-9A1E7A4F7556}") = "LibraryProgramB", "LibraryProgramB\LibraryProgramB.csproj", "{96E8E0E3-DAF7-43AE-9970-E4B120607417}"
EndProject
Project("{9A19103F-16F7-4668-BE54-9A1E7A4F7556}") = "LibraryKalimat", "LibraryKalimat\LibraryKalimat.csproj", "{0DA838C2-1BE4-488A-8897-C6083EF4010B}"
EndProject
Project("{9A19103F-16F7-4668-BE54-9A1E7A4F7556}") = "NilaiStandar", "NilaiStandar\NilaiStandar.csproj", "{6646E29C-11EE-4CD8-8195-8B2A69B602AA}"
EndProject
Project("{FAE04EC0-301F-11D3-BF4B-00C04F79EFBC}") = "NilaiTetap", "NilaiTetap\NilaiTetap.csproj", "{55D7E9A2-1BBE-4613-838C-02363E790309}"
EndProject
Global
	GlobalSection(SolutionConfigurationPlatforms) = preSolution
		Debug|Any CPU = Debug|Any CPU
		Release|Any CPU = Release|Any CPU
	EndGlobalSection
	GlobalSection(ProjectConfigurationPlatforms) = postSolution
		{BA5DC26D-CECD-438F-8EEB-13666140B48A}.Debug|Any CPU.ActiveCfg = Debug|Any CPU
		{BA5DC26D-CECD-438F-8EEB-13666140B48A}.Debug|Any CPU.Build.0 = Debug|Any CPU
		{BA5DC26D-CECD-438F-8EEB-13666140B48A}.Release|Any CPU.ActiveCfg = Release|Any CPU
		{BA5DC26D-CECD-438F-8EEB-13666140B48A}.Release|Any CPU.Build.0 = Release|Any CPU
		{DC5F272D-65AA-4242-A906-DDACD2943ACD}.Debug|Any CPU.ActiveCfg = Debug|Any CPU
		{DC5F272D-65AA-4242-A906-DDACD2943ACD}.Debug|Any CPU.Build.0 = Debug|Any CPU
		{DC5F272D-65AA-4242-A906-DDACD2943ACD}.Release|Any CPU.ActiveCfg = Release|Any CPU
		{DC5F272D-65AA-4242-A906-DDACD2943ACD}.Release|Any CPU.Build.0 = Release|Any CPU
		{96E8E0E3-DAF7-43AE-9970-E4B120607417}.Debug|Any CPU.ActiveCfg = Debug|Any CPU
		{96E8E0E3-DAF7-43AE-9970-E4B120607417}.Debug|Any CPU.Build.0 = Debug|Any CPU
		{96E8E0E3-DAF7-43AE-9970-E4B120607417}.Release|Any CPU.ActiveCfg = Release|Any CPU
		{96E8E0E3-DAF7-43AE-9970-E4B120607417}.Release|Any CPU.Build.0 = Release|Any CPU
		{0DA838C2-1BE4-488A-8897-C6083EF4010B}.Debug|Any CPU.ActiveCfg = Debug|Any CPU
		{0DA838C2-1BE4-488A-8897-C6083EF4010B}.Debug|Any CPU.Build.0 = Debug|Any CPU
		{0DA838C2-1BE4-488A-8897-C6083EF4010B}.Release|Any CPU.ActiveCfg = Release|Any CPU
		{0DA838C2-1BE4-488A-8897-C6083EF4010B}.Release|Any CPU.Build.0 = Release|Any CPU
		{6646E29C-11EE-4CD8-8195-8B2A69B602AA}.Debug|Any CPU.ActiveCfg = Debug|Any CPU
		{6646E29C-11EE-4CD8-8195-8B2A69B602AA}.Debug|Any CPU.Build.0 = Debug|Any CPU
		{6646E29C-11EE-4CD8-8195-8B2A69B602AA}.Release|Any CPU.ActiveCfg = Release|Any CPU
		{6646E29C-11EE-4CD8-8195-8B2A69B602AA}.Release|Any CPU.Build.0 = Release|Any CPU
		{55D7E9A2-1BBE-4613-838C-02363E790309}.Debug|Any CPU.ActiveCfg = Debug|Any CPU
		{55D7E9A2-1BBE-4613-838C-02363E790309}.Debug|Any CPU.Build.0 = Debug|Any CPU
		{55D7E9A2-1BBE-4613-838C-02363E790309}.Release|Any CPU.ActiveCfg = Release|Any CPU
		{55D7E9A2-1BBE-4613-838C-02363E790309}.Release|Any CPU.Build.0 = Release|Any CPU
	EndGlobalSection
	GlobalSection(SolutionProperties) = preSolution
		HideSolutionNode = FALSE
	EndGlobalSection
	GlobalSection(ExtensibilityGlobals) = postSolution
		SolutionGuid = {16A443C4-5999-469C-A48F-5DFD21DA3294}
	EndGlobalSection
EndGlobal
